
Microsoft Visual Studio Solution File, Format Version 12.00
# Visual Studio Version 17
VisualStudioVersion = 17.11.35327.3
MinimumVisualStudioVersion = 10.0.40219.1
Project("{FAE04EC0-301F-11D3-BF4B-00C04F79EFBC}") = "Lab2PragueParking", "Lab2PragueParking\Lab2PragueParking.csproj", "{CFC7E9F3-AE22-40DE-AF2A-72F275B06A89}"
EndProject
Global
	GlobalSection(SolutionConfigurationPlatforms) = preSolution
		Debug|Any CPU = Debug|Any CPU
		Release|Any CPU = Release|Any CPU
	EndGlobalSection
	GlobalSection(ProjectConfigurationPlatforms) = postSolution
		{CFC7E9F3-AE22-40DE-AF2A-72F275B06A89}.Debug|Any CPU.ActiveCfg = Debug|Any CPU
		{CFC7E9F3-AE22-40DE-AF2A-72F275B06A89}.Debug|Any CPU.Build.0 = Debug|Any CPU
		{CFC7E9F3-AE22-40DE-AF2A-72F275B06A89}.Release|Any CPU.ActiveCfg = Release|Any CPU
		{CFC7E9F3-AE22-40DE-AF2A-72F275B06A89}.Release|Any CPU.Build.0 = Release|Any CPU
	EndGlobalSection
	GlobalSection(SolutionProperties) = preSolution
		HideSolutionNode = FALSE
	EndGlobalSection
	GlobalSection(ExtensibilityGlobals) = postSolution
		SolutionGuid = {F5C465BE-D515-404A-9F18-16BA67C7A41B}
	EndGlobalSection
EndGlobal
